
Microsoft Visual Studio Solution File, Format Version 12.00
# Visual Studio Version 16
VisualStudioVersion = 16.0.31624.102
MinimumVisualStudioVersion = 10.0.40219.1
Project("{FAE04EC0-301F-11D3-BF4B-00C04F79EFBC}") = "Delegate-HW", "Delegate-HW\Delegate-HW.csproj", "{EFF8C7B0-528C-4369-8850-4E4254B054FC}"
EndProject
Global
	GlobalSection(SolutionConfigurationPlatforms) = preSolution
		Debug|Any CPU = Debug|Any CPU
		Release|Any CPU = Release|Any CPU
	EndGlobalSection
	GlobalSection(ProjectConfigurationPlatforms) = postSolution
		{EFF8C7B0-528C-4369-8850-4E4254B054FC}.Debug|Any CPU.ActiveCfg = Debug|Any CPU
		{EFF8C7B0-528C-4369-8850-4E4254B054FC}.Debug|Any CPU.Build.0 = Debug|Any CPU
		{EFF8C7B0-528C-4369-8850-4E4254B054FC}.Release|Any CPU.ActiveCfg = Release|Any CPU
		{EFF8C7B0-528C-4369-8850-4E4254B054FC}.Release|Any CPU.Build.0 = Release|Any CPU
	EndGlobalSection
	GlobalSection(SolutionProperties) = preSolution
		HideSolutionNode = FALSE
	EndGlobalSection
	GlobalSection(ExtensibilityGlobals) = postSolution
		SolutionGuid = {7F808063-C999-4056-B4A8-62C85A196476}
	EndGlobalSection
EndGlobal
